
Microsoft Visual Studio Solution File, Format Version 12.00
# Visual Studio Version 16
VisualStudioVersion = 16.0.29920.165
MinimumVisualStudioVersion = 10.0.40219.1
Project("{FAE04EC0-301F-11D3-BF4B-00C04F79EFBC}") = "DiagramGrid", "DiagramGrid\DiagramGrid.csproj", "{748CABF6-8862-4026-ADCE-F32F24BA827B}"
EndProject
Project("{FAE04EC0-301F-11D3-BF4B-00C04F79EFBC}") = "DiagramGridControl", "DiagramGridControl\DiagramGridControl.csproj", "{B44D02C4-C364-4B9A-8069-BADC2D5202E5}"
EndProject
Global
	GlobalSection(SolutionConfigurationPlatforms) = preSolution
		Debug|Any CPU = Debug|Any CPU
		Release|Any CPU = Release|Any CPU
	EndGlobalSection
	GlobalSection(ProjectConfigurationPlatforms) = postSolution
		{748CABF6-8862-4026-ADCE-F32F24BA827B}.Debug|Any CPU.ActiveCfg = Debug|Any CPU
		{748CABF6-8862-4026-ADCE-F32F24BA827B}.Debug|Any CPU.Build.0 = Debug|Any CPU
		{748CABF6-8862-4026-ADCE-F32F24BA827B}.Release|Any CPU.ActiveCfg = Release|Any CPU
		{748CABF6-8862-4026-ADCE-F32F24BA827B}.Release|Any CPU.Build.0 = Release|Any CPU
		{B44D02C4-C364-4B9A-8069-BADC2D5202E5}.Debug|Any CPU.ActiveCfg = Debug|Any CPU
		{B44D02C4-C364-4B9A-8069-BADC2D5202E5}.Debug|Any CPU.Build.0 = Debug|Any CPU
		{B44D02C4-C364-4B9A-8069-BADC2D5202E5}.Release|Any CPU.ActiveCfg = Release|Any CPU
		{B44D02C4-C364-4B9A-8069-BADC2D5202E5}.Release|Any CPU.Build.0 = Release|Any CPU
	EndGlobalSection
	GlobalSection(SolutionProperties) = preSolution
		HideSolutionNode = FALSE
	EndGlobalSection
	GlobalSection(ExtensibilityGlobals) = postSolution
		SolutionGuid = {3D3C5DEB-A064-4A39-9716-D9EFE287CF70}
	EndGlobalSection
EndGlobal
